{
	"name": "estree-walker",
	"version": "3.0.2",
	"lockfileVersion": 3,
	"requires": true,
	"packages": {
		"": {
			"name": "estree-walker",
			"version": "3.0.2",
			"license": "MIT",
			"devDependencies": {
				"@types/estree": "0.0.42",
				"typescript": "^4.9.0",
				"uvu": "^0.5.1"
			}
		},
		"node_modules/@types/estree": {
			"version": "0.0.42",
			"resolved": "https://registry.npmjs.org/@types/estree/-/estree-0.0.42.tgz",
			"integrity": "sha512-K1DPVvnBCPxzD+G51/cxVIoc2X8uUVl1zpJeE6iKcgHMj4+tbat5Xu4TjV7v2QSDbIeAfLi2hIk+u2+s0MlpUQ==",
			"dev": true
		},
		"node_modules/dequal": {
			"version": "2.0.3",
			"resolved": "https://registry.npmjs.org/dequal/-/dequal-2.0.3.tgz",
			"integrity": "sha512-0je+qPKHEMohvfRTCEo3CrPG6cAzAYgmzKyxRiYSSDkS6eGJdyVJm7WaYA5ECaAD9wLB2T4EEeymA5aFVcYXCA==",
			"dev": true,
			"engines": {
				"node": ">=6"
			}
		},
		"node_modules/diff": {
			"version": "5.1.0",
			"resolved": "https://registry.npmjs.org/diff/-/diff-5.1.0.tgz",
			"integrity": "sha512-D+mk+qE8VC/PAUrlAU34N+VfXev0ghe5ywmpqrawphmVZc1bEfn56uo9qpyGp1p4xpzOHkSW4ztBd6L7Xx4ACw==",
			"dev": true,
			"engines": {
				"node": ">=0.3.1"
			}
		},
		"node_modules/kleur": {
			"version": "4.1.5",
			"resolved": "https://registry.npmjs.org/kleur/-/kleur-4.1.5.tgz",
			"integrity": "sha512-o+NO+8WrRiQEE4/7nwRJhN1HWpVmJm511pBHUxPLtp0BUISzlBplORYSmTclCnJvQq2tKu/sgl3xVpkc7ZWuQQ==",
			"dev": true,
			"engines": {
				"node": ">=6"
			}
		},
		"node_modules/mri": {
			"version": "1.2.0",
			"resolved": "https://registry.npmjs.org/mri/-/mri-1.2.0.tgz",
			"integrity": "sha512-tzzskb3bG8LvYGFF/mDTpq3jpI6Q9wc3LEmBaghu+DdCssd1FakN7Bc0hVNmEyGq1bq3RgfkCb3cmQLpNPOroA==",
			"dev": true,
			"engines": {
				"node": ">=4"
			}
		},
		"node_modules/sade": {
			"version": "1.8.1",
			"resolved": "https://registry.npmjs.org/sade/-/sade-1.8.1.tgz",
			"integrity": "sha512-xal3CZX1Xlo/k4ApwCFrHVACi9fBqJ7V+mwhBsuf/1IOKbBy098Fex+Wa/5QMubw09pSZ/u8EY8PWgevJsXp1A==",
			"dev": true,
			"dependencies": {
				"mri": "^1.1.0"
			},
			"engines": {
				"node": ">=6"
			}
		},
		"node_modules/typescript": {
			"version": "4.9.4",
			"resolved": "https://registry.npmjs.org/typescript/-/typescript-4.9.4.tgz",
			"integrity": "sha512-Uz+dTXYzxXXbsFpM86Wh3dKCxrQqUcVMxwU54orwlJjOpO3ao8L7j5lH+dWfTwgCwIuM9GQ2kvVotzYJMXTBZg==",
			"dev": true,
			"bin": {
				"tsc": "bin/tsc",
				"tsserver": "bin/tsserver"
			},
			"engines": {
				"node": ">=4.2.0"
			}
		},
		"node_modules/uvu": {
			"version": "0.5.6",
			"resolved": "https://registry.npmjs.org/uvu/-/uvu-0.5.6.tgz",
			"integrity": "sha512-+g8ENReyr8YsOc6fv/NVJs2vFdHBnBNdfE49rshrTzDWOlUx4Gq7KOS2GD8eqhy2j+Ejq29+SbKH8yjkAqXqoA==",
			"dev": true,
			"dependencies": {
				"dequal": "^2.0.0",
				"diff": "^5.0.0",
				"kleur": "^4.0.3",
				"sade": "^1.7.3"
			},
			"bin": {
				"uvu": "bin.js"
			},
			"engines": {
				"node": ">=8"
			}
		}
	}
}
