devDependencies:
  '@types/estree': 0.0.42
  typescript: 3.9.7
  uvu: 0.5.1
lockfileVersion: 5.2
packages:
  /@types/estree/0.0.42:
    dev: true
    resolution:
      integrity: sha512-K1DPVvnBCPxzD+G51/cxVIoc2X8uUVl1zpJeE6iKcgHMj4+tbat5Xu4TjV7v2QSDbIeAfLi2hIk+u2+s0MlpUQ==
  /dequal/2.0.2:
    dev: true
    engines:
      node: '>=6'
    resolution:
      integrity: sha512-q9K8BlJVxK7hQYqa6XISGmBZbtQQWVXSrRrWreHC94rMt1QL/Impruc+7p2CYSYuVIUr+YCt6hjrs1kkdJRTug==
  /diff/5.0.0:
    dev: true
    engines:
      node: '>=0.3.1'
    resolution:
      integrity: sha512-/VTCrvm5Z0JGty/BWHljh+BAiw3IK+2j87NGMu8Nwc/f48WoDAC395uomO9ZD117ZOBaHmkX1oyLvkVM/aIT3w==
  /kleur/4.1.4:
    dev: true
    engines:
      node: '>=6'
    resolution:
      integrity: sha512-8QADVssbrFjivHWQU7KkMgptGTl6WAcSdlbBPY4uNF+mWr6DGcKrvY2w4FQJoXch7+fKMjj0dRrL75vk3k23OA==
  /mri/1.1.6:
    dev: true
    engines:
      node: '>=4'
    resolution:
      integrity: sha512-oi1b3MfbyGa7FJMP9GmLTttni5JoICpYBRlq+x5V16fZbLsnL9N3wFqqIm/nIG43FjUFkFh9Epzp/kzUGUnJxQ==
  /sade/1.7.4:
    dependencies:
      mri: 1.1.6
    dev: true
    engines:
      node: '>= 6'
    resolution:
      integrity: sha512-y5yauMD93rX840MwUJr7C1ysLFBgMspsdTo4UVrDg3fXDvtwOyIqykhVAAm6fk/3au77773itJStObgK+LKaiA==
  /totalist/2.0.0:
    dev: true
    engines:
      node: '>=6'
    resolution:
      integrity: sha512-+Y17F0YzxfACxTyjfhnJQEe7afPA0GSpYlFkl2VFMxYP7jshQf9gXV7cH47EfToBumFThfKBvfAcoUn6fdNeRQ==
  /typescript/3.9.7:
    dev: true
    engines:
      node: '>=4.2.0'
    hasBin: true
    resolution:
      integrity: sha512-BLbiRkiBzAwsjut4x/dsibSTB6yWpwT5qWmC2OfuCg3GgVQCSgMs4vEctYPhsaGtd0AeuuHMkjZ2h2WG8MSzRw==
  /uvu/0.5.1:
    dependencies:
      dequal: 2.0.2
      diff: 5.0.0
      kleur: 4.1.4
      sade: 1.7.4
      totalist: 2.0.0
    dev: true
    engines:
      node: '>=8'
    hasBin: true
    resolution:
      integrity: sha512-JGxttnOGDFs77FaZ0yMUHIzczzQ5R1IlDeNW6Wymw6gAscwMdAffVOP6TlxLIfReZyK8tahoGwWZaTCJzNFDkg==
specifiers:
  '@types/estree': 0.0.42
  typescript: ^3.7.5
  uvu: ^0.5.1
